
Microsoft Visual Studio Solution File, Format Version 12.00
# Visual Studio Version 17
VisualStudioVersion = 17.0.31903.59
MinimumVisualStudioVersion = 10.0.40219.1
Project("{2150E333-8FDC-42A3-9474-1A3956D46DE8}") = "Api", "Api", "{D82C56D6-B2CD-F611-9E31-04638F7EC30E}"
EndProject
Project("{FAE04EC0-301F-11D3-BF4B-00C04F79EFBC}") = "Shortly.Api", "Api\src\Shortly.Api\Shortly.Api.csproj", "{E5233883-EDBE-4A1C-9655-E987300EB917}"
EndProject
Project("{2150E333-8FDC-42A3-9474-1A3956D46DE8}") = "src", "src", "{76419ACF-E705-4C63-BF54-CFCAF10B6428}"
EndProject
Project("{2150E333-8FDC-42A3-9474-1A3956D46DE8}") = "tests", "tests", "{607435E6-68C3-456E-A71C-B9815220A967}"
EndProject
Project("{FAE04EC0-301F-11D3-BF4B-00C04F79EFBC}") = "Shortly.Api.Core.Tests", "tests\Shortly.Api.Core.Tests\Shortly.Api.Core.Tests.csproj", "{0C96BE50-9F9B-472F-B060-647D518645D3}"
EndProject
Project("{FAE04EC0-301F-11D3-BF4B-00C04F79EFBC}") = "Shortly.Core", "Shortly.Core\Shortly.Core.csproj", "{6F9AB24B-5C17-416A-820A-BE5A11A7A0C3}"
EndProject
Project("{FAE04EC0-301F-11D3-BF4B-00C04F79EFBC}") = "Shortly.Tests", "tests\Shortly.Tests\Shortly.Tests.csproj", "{A33E7E1D-D66A-4E90-81B9-F0EE96165D95}"
EndProject
Global
	GlobalSection(SolutionConfigurationPlatforms) = preSolution
		Debug|Any CPU = Debug|Any CPU
		Debug|x64 = Debug|x64
		Debug|x86 = Debug|x86
		Release|Any CPU = Release|Any CPU
		Release|x64 = Release|x64
		Release|x86 = Release|x86
	EndGlobalSection
	GlobalSection(ProjectConfigurationPlatforms) = postSolution
		{E5233883-EDBE-4A1C-9655-E987300EB917}.Debug|Any CPU.ActiveCfg = Debug|Any CPU
		{E5233883-EDBE-4A1C-9655-E987300EB917}.Debug|Any CPU.Build.0 = Debug|Any CPU
		{E5233883-EDBE-4A1C-9655-E987300EB917}.Debug|x64.ActiveCfg = Debug|Any CPU
		{E5233883-EDBE-4A1C-9655-E987300EB917}.Debug|x64.Build.0 = Debug|Any CPU
		{E5233883-EDBE-4A1C-9655-E987300EB917}.Debug|x86.ActiveCfg = Debug|Any CPU
		{E5233883-EDBE-4A1C-9655-E987300EB917}.Debug|x86.Build.0 = Debug|Any CPU
		{E5233883-EDBE-4A1C-9655-E987300EB917}.Release|Any CPU.ActiveCfg = Release|Any CPU
		{E5233883-EDBE-4A1C-9655-E987300EB917}.Release|Any CPU.Build.0 = Release|Any CPU
		{E5233883-EDBE-4A1C-9655-E987300EB917}.Release|x64.ActiveCfg = Release|Any CPU
		{E5233883-EDBE-4A1C-9655-E987300EB917}.Release|x64.Build.0 = Release|Any CPU
		{E5233883-EDBE-4A1C-9655-E987300EB917}.Release|x86.ActiveCfg = Release|Any CPU
		{E5233883-EDBE-4A1C-9655-E987300EB917}.Release|x86.Build.0 = Release|Any CPU
		{0C96BE50-9F9B-472F-B060-647D518645D3}.Debug|Any CPU.ActiveCfg = Debug|Any CPU
		{0C96BE50-9F9B-472F-B060-647D518645D3}.Debug|Any CPU.Build.0 = Debug|Any CPU
		{0C96BE50-9F9B-472F-B060-647D518645D3}.Debug|x64.ActiveCfg = Debug|Any CPU
		{0C96BE50-9F9B-472F-B060-647D518645D3}.Debug|x64.Build.0 = Debug|Any CPU
		{0C96BE50-9F9B-472F-B060-647D518645D3}.Debug|x86.ActiveCfg = Debug|Any CPU
		{0C96BE50-9F9B-472F-B060-647D518645D3}.Debug|x86.Build.0 = Debug|Any CPU
		{0C96BE50-9F9B-472F-B060-647D518645D3}.Release|Any CPU.ActiveCfg = Release|Any CPU
		{0C96BE50-9F9B-472F-B060-647D518645D3}.Release|Any CPU.Build.0 = Release|Any CPU
		{0C96BE50-9F9B-472F-B060-647D518645D3}.Release|x64.ActiveCfg = Release|Any CPU
		{0C96BE50-9F9B-472F-B060-647D518645D3}.Release|x64.Build.0 = Release|Any CPU
		{0C96BE50-9F9B-472F-B060-647D518645D3}.Release|x86.ActiveCfg = Release|Any CPU
		{0C96BE50-9F9B-472F-B060-647D518645D3}.Release|x86.Build.0 = Release|Any CPU
		{6F9AB24B-5C17-416A-820A-BE5A11A7A0C3}.Debug|Any CPU.ActiveCfg = Debug|Any CPU
		{6F9AB24B-5C17-416A-820A-BE5A11A7A0C3}.Debug|Any CPU.Build.0 = Debug|Any CPU
		{6F9AB24B-5C17-416A-820A-BE5A11A7A0C3}.Debug|x64.ActiveCfg = Debug|Any CPU
		{6F9AB24B-5C17-416A-820A-BE5A11A7A0C3}.Debug|x64.Build.0 = Debug|Any CPU
		{6F9AB24B-5C17-416A-820A-BE5A11A7A0C3}.Debug|x86.ActiveCfg = Debug|Any CPU
		{6F9AB24B-5C17-416A-820A-BE5A11A7A0C3}.Debug|x86.Build.0 = Debug|Any CPU
		{6F9AB24B-5C17-416A-820A-BE5A11A7A0C3}.Release|Any CPU.ActiveCfg = Release|Any CPU
		{6F9AB24B-5C17-416A-820A-BE5A11A7A0C3}.Release|Any CPU.Build.0 = Release|Any CPU
		{6F9AB24B-5C17-416A-820A-BE5A11A7A0C3}.Release|x64.ActiveCfg = Release|Any CPU
		{6F9AB24B-5C17-416A-820A-BE5A11A7A0C3}.Release|x64.Build.0 = Release|Any CPU
		{6F9AB24B-5C17-416A-820A-BE5A11A7A0C3}.Release|x86.ActiveCfg = Release|Any CPU
		{6F9AB24B-5C17-416A-820A-BE5A11A7A0C3}.Release|x86.Build.0 = Release|Any CPU
		{A33E7E1D-D66A-4E90-81B9-F0EE96165D95}.Debug|Any CPU.ActiveCfg = Debug|Any CPU
		{A33E7E1D-D66A-4E90-81B9-F0EE96165D95}.Debug|Any CPU.Build.0 = Debug|Any CPU
		{A33E7E1D-D66A-4E90-81B9-F0EE96165D95}.Debug|x64.ActiveCfg = Debug|Any CPU
		{A33E7E1D-D66A-4E90-81B9-F0EE96165D95}.Debug|x64.Build.0 = Debug|Any CPU
		{A33E7E1D-D66A-4E90-81B9-F0EE96165D95}.Debug|x86.ActiveCfg = Debug|Any CPU
		{A33E7E1D-D66A-4E90-81B9-F0EE96165D95}.Debug|x86.Build.0 = Debug|Any CPU
		{A33E7E1D-D66A-4E90-81B9-F0EE96165D95}.Release|Any CPU.ActiveCfg = Release|Any CPU
		{A33E7E1D-D66A-4E90-81B9-F0EE96165D95}.Release|Any CPU.Build.0 = Release|Any CPU
		{A33E7E1D-D66A-4E90-81B9-F0EE96165D95}.Release|x64.ActiveCfg = Release|Any CPU
		{A33E7E1D-D66A-4E90-81B9-F0EE96165D95}.Release|x64.Build.0 = Release|Any CPU
		{A33E7E1D-D66A-4E90-81B9-F0EE96165D95}.Release|x86.ActiveCfg = Release|Any CPU
		{A33E7E1D-D66A-4E90-81B9-F0EE96165D95}.Release|x86.Build.0 = Release|Any CPU
	EndGlobalSection
	GlobalSection(SolutionProperties) = preSolution
		HideSolutionNode = FALSE
	EndGlobalSection
	GlobalSection(NestedProjects) = preSolution
		{76419ACF-E705-4C63-BF54-CFCAF10B6428} = {D82C56D6-B2CD-F611-9E31-04638F7EC30E}
		{E5233883-EDBE-4A1C-9655-E987300EB917} = {76419ACF-E705-4C63-BF54-CFCAF10B6428}
		{607435E6-68C3-456E-A71C-B9815220A967} = {D82C56D6-B2CD-F611-9E31-04638F7EC30E}
		{0C96BE50-9F9B-472F-B060-647D518645D3} = {607435E6-68C3-456E-A71C-B9815220A967}
		{6F9AB24B-5C17-416A-820A-BE5A11A7A0C3} = {76419ACF-E705-4C63-BF54-CFCAF10B6428}
		{A33E7E1D-D66A-4E90-81B9-F0EE96165D95} = {607435E6-68C3-456E-A71C-B9815220A967}
	EndGlobalSection
EndGlobal
